
Microsoft Visual Studio Solution File, Format Version 12.00
# Visual Studio 15
VisualStudioVersion = 15.0.26730.8
MinimumVisualStudioVersion = 10.0.40219.1
Project("{9A19103F-16F7-4668-BE54-9A1E7A4F7556}") = "dftest", "dftest\dftest.csproj", "{06221FE9-7835-4333-83C0-C2E40EE69953}"
EndProject
Project("{9A19103F-16F7-4668-BE54-9A1E7A4F7556}") = "dataframe-maths", "dataframe-maths\dataframe-maths.csproj", "{7AACBB50-B983-44C2-BA15-22E3D1DB50FA}"
EndProject
Global
	GlobalSection(SolutionConfigurationPlatforms) = preSolution
		Debug|Any CPU = Debug|Any CPU
		Release|Any CPU = Release|Any CPU
	EndGlobalSection
	GlobalSection(ProjectConfigurationPlatforms) = postSolution
		{06221FE9-7835-4333-83C0-C2E40EE69953}.Debug|Any CPU.ActiveCfg = Debug|Any CPU
		{06221FE9-7835-4333-83C0-C2E40EE69953}.Debug|Any CPU.Build.0 = Debug|Any CPU
		{06221FE9-7835-4333-83C0-C2E40EE69953}.Release|Any CPU.ActiveCfg = Release|Any CPU
		{06221FE9-7835-4333-83C0-C2E40EE69953}.Release|Any CPU.Build.0 = Release|Any CPU
		{7AACBB50-B983-44C2-BA15-22E3D1DB50FA}.Debug|Any CPU.ActiveCfg = Debug|Any CPU
		{7AACBB50-B983-44C2-BA15-22E3D1DB50FA}.Debug|Any CPU.Build.0 = Debug|Any CPU
		{7AACBB50-B983-44C2-BA15-22E3D1DB50FA}.Release|Any CPU.ActiveCfg = Release|Any CPU
		{7AACBB50-B983-44C2-BA15-22E3D1DB50FA}.Release|Any CPU.Build.0 = Release|Any CPU
	EndGlobalSection
	GlobalSection(SolutionProperties) = preSolution
		HideSolutionNode = FALSE
	EndGlobalSection
	GlobalSection(ExtensibilityGlobals) = postSolution
		SolutionGuid = {091D3174-BEA7-493E-AB78-8205A098BAA7}
	EndGlobalSection
EndGlobal
